
Microsoft Visual Studio Solution File, Format Version 12.00
# Visual Studio 15
VisualStudioVersion = 15.0.28010.2026
MinimumVisualStudioVersion = 10.0.40219.1
Project("{2150E333-8FDC-42A3-9474-1A3956D46DE8}") = "L1", "L1", "{1F9DB71E-C323-40E6-B333-399E15077BB8}"
	ProjectSection(SolutionItems) = preProject
		L1\L1_1\L1_1.html = L1\L1_1\L1_1.html
		L1\L1_2.html = L1\L1_2.html
	EndProjectSection
EndProject
Project("{2150E333-8FDC-42A3-9474-1A3956D46DE8}") = "L2", "L2", "{BEE14F8F-96A8-4D88-9DCB-24C340675F18}"
EndProject
Project("{2150E333-8FDC-42A3-9474-1A3956D46DE8}") = "L2_1", "L2_1", "{8679A483-E19F-48E2-B71B-F3C238626BA3}"
	ProjectSection(SolutionItems) = preProject
		L2\L2_1\L2_1.css = L2\L2_1\L2_1.css
		L2\L2_1\L2_1.html = L2\L2_1\L2_1.html
	EndProjectSection
EndProject
Project("{2150E333-8FDC-42A3-9474-1A3956D46DE8}") = "L3", "L3", "{724CAAC9-F7AC-453E-B53D-CBF2DAC3A96E}"
EndProject
Project("{2150E333-8FDC-42A3-9474-1A3956D46DE8}") = "L3_1", "L3_1", "{CF1DA893-7EC9-4A6B-B09B-85D8A0E10B48}"
	ProjectSection(SolutionItems) = preProject
		L3\L3_1\L3_1.css = L3\L3_1\L3_1.css
		L3\L3_1\L3_1.html = L3\L3_1\L3_1.html
		L3\L3_1\L3_1.js = L3\L3_1\L3_1.js
	EndProjectSection
EndProject
Project("{2150E333-8FDC-42A3-9474-1A3956D46DE8}") = "L4", "L4", "{AF07D19F-C0B5-4D7F-A790-9C39454800CA}"
EndProject
Project("{2150E333-8FDC-42A3-9474-1A3956D46DE8}") = "L5", "L5", "{05F8E0C6-B3AD-4800-8DB4-A9D9AF8A3263}"
EndProject
Project("{2150E333-8FDC-42A3-9474-1A3956D46DE8}") = "L4_1", "L4_1", "{1A61501E-E1A2-4BB0-BAD3-EA99838DB696}"
	ProjectSection(SolutionItems) = preProject
		L4\L4_1\L4_1.html = L4\L4_1\L4_1.html
		L4\L4_1\L4_1.js = L4\L4_1\L4_1.js
	EndProjectSection
EndProject
Project("{2150E333-8FDC-42A3-9474-1A3956D46DE8}") = "L4_2", "L4_2", "{6D541CCA-DEF4-4C77-A476-CC473C86E800}"
	ProjectSection(SolutionItems) = preProject
		L4\L4_2\L4_2.html = L4\L4_2\L4_2.html
		L4\L4_2\L4_2.js = L4\L4_2\L4_2.js
	EndProjectSection
EndProject
Global
	GlobalSection(SolutionProperties) = preSolution
		HideSolutionNode = FALSE
	EndGlobalSection
	GlobalSection(NestedProjects) = preSolution
		{8679A483-E19F-48E2-B71B-F3C238626BA3} = {BEE14F8F-96A8-4D88-9DCB-24C340675F18}
		{CF1DA893-7EC9-4A6B-B09B-85D8A0E10B48} = {724CAAC9-F7AC-453E-B53D-CBF2DAC3A96E}
		{1A61501E-E1A2-4BB0-BAD3-EA99838DB696} = {AF07D19F-C0B5-4D7F-A790-9C39454800CA}
		{6D541CCA-DEF4-4C77-A476-CC473C86E800} = {AF07D19F-C0B5-4D7F-A790-9C39454800CA}
	EndGlobalSection
	GlobalSection(ExtensibilityGlobals) = postSolution
		SolutionGuid = {62CF9D7E-4990-4044-AA76-FA22DE7CFD82}
	EndGlobalSection
EndGlobal
